<Solution>
  <Folder Name="/src/">
    <Project Path="src/MyWorkplace.AppHost/MyWorkplace.AppHost.csproj" />
    <Project Path="src/MyWorkplace.BuildingBlocks/MyWorkplace.BuildingBlocks.csproj" />
    <Project Path="src/MyWorkplace.Contracts/MyWorkplace.Contracts.csproj" />
    <Project Path="src/MyWorkplace.Gateway/MyWorkplace.Gateway.csproj" />
    <Project Path="src/MyWorkplace.ServiceDefaults/MyWorkplace.ServiceDefaults.csproj" />
  </Folder>
  <Folder Name="/src/Services/">
    <Project Path="src/Services/MyWorkplace.Customers/MyWorkplace.Customers.csproj" />
    <Project Path="src/Services/MyWorkplace.Identity/MyWorkplace.Identity.csproj" />
    <Project Path="src/Services/MyWorkplace.Inventory/MyWorkplace.Inventory.csproj" />
    <Project Path="src/Services/MyWorkplace.Orders/MyWorkplace.Orders.csproj" />
    <Project Path="src/Services/MyWorkplace.Products/MyWorkplace.Products.csproj" />
  </Folder>
  <Folder Name="/tests/">
    <Project Path="tests/MyWorkplace.BuildingBlocks.Tests/MyWorkplace.BuildingBlocks.Tests.csproj" />
    <Project Path="tests/MyWorkplace.Identity.Tests/MyWorkplace.Identity.Tests.csproj" />
    <Project Path="tests/MyWorkplace.IntegrationTests/MyWorkplace.IntegrationTests.csproj" />
    <Project Path="tests/MyWorkplace.Products.Tests/MyWorkplace.Products.Tests.csproj" />
  </Folder>
</Solution>
